
Microsoft Visual Studio Solution File, Format Version 12.00
# Visual Studio Version 17
VisualStudioVersion = 17.9.34728.123
MinimumVisualStudioVersion = 10.0.40219.1
Project("{FAE04EC0-301F-11D3-BF4B-00C04F79EFBC}") = "Atelier", "Atelier.csproj", "{24BA5B19-C830-4148-8903-BD9D201D81B9}"
EndProject
Global
	GlobalSection(SolutionConfigurationPlatforms) = preSolution
		Debug|Any CPU = Debug|Any CPU
		Release|Any CPU = Release|Any CPU
	EndGlobalSection
	GlobalSection(ProjectConfigurationPlatforms) = postSolution
		{24BA5B19-C830-4148-8903-BD9D201D81B9}.Debug|Any CPU.ActiveCfg = Debug|Any CPU
		{24BA5B19-C830-4148-8903-BD9D201D81B9}.Debug|Any CPU.Build.0 = Debug|Any CPU
		{24BA5B19-C830-4148-8903-BD9D201D81B9}.Release|Any CPU.ActiveCfg = Release|Any CPU
		{24BA5B19-C830-4148-8903-BD9D201D81B9}.Release|Any CPU.Build.0 = Release|Any CPU
	EndGlobalSection
	GlobalSection(SolutionProperties) = preSolution
		HideSolutionNode = FALSE
	EndGlobalSection
	GlobalSection(ExtensibilityGlobals) = postSolution
		SolutionGuid = {A7AEA5AE-A9F5-41A4-8B44-D1322A43752F}
	EndGlobalSection
EndGlobal
